lockfileVersion: 5.4

specifiers:
  '@gluon-framework/gluon': ^0.11.0

devDependencies:
  '@gluon-framework/gluon': 0.11.0

packages:

  /@gluon-framework/gluon/0.11.0:
    resolution: {integrity: sha512-C+oTX6+pBUHF57iP+biLvu6ktmswMkxMSx8JXMs33MbOdtZHPd2vFijhuU7kAbIcRf7ErO9VtrjoFbGrecvTyw==}
    dependencies:
      ws: 8.12.0
    transitivePeerDependencies:
      - bufferutil
      - utf-8-validate
    dev: true

  /ws/8.12.0:
    resolution: {integrity: sha512-kU62emKIdKVeEIOIKVegvqpXMSTAMLJozpHZaJNDYqBjzlSYXQGviYwN1osDLJ9av68qHd4a2oSjd7yD4pacig==}
    engines: {node: '>=10.0.0'}
    peerDependencies:
      bufferutil: ^4.0.1
      utf-8-validate: '>=5.0.2'
    peerDependenciesMeta:
      bufferutil:
        optional: true
      utf-8-validate:
        optional: true
    dev: true
